// !$*UTF8*$!
{
	archiveVersion = 1;
	classes = {
	};
	objectVersion = 46;
	objects = {

/* Begin PBXBuildFile section */
		63F2A2971B574F0E004B8AFA /* main.m in Sources */ = {isa = PBXBuildFile; fileRef = 63F2A2961B574F0E004B8AFA /* main.m */; };
		63F2A29A1B574F0E004B8AFA /* AppDelegate.m in Sources */ = {isa = PBXBuildFile; fileRef = 63F2A2991B574F0E004B8AFA /* AppDelegate.m */; };
		63F2A29D1B574F0E004B8AFA /* ViewController.m in Sources */ = {isa = PBXBuildFile; fileRef = 63F2A29C1B574F0E004B8AFA /* ViewController.m */; };
		63F2A2A01B574F0E004B8AFA /* Main.storyboard in Resources */ = {isa = PBXBuildFile; fileRef = 63F2A29E1B574F0E004B8AFA /* Main.storyboard */; };
		63F2A2A21B574F0E004B8AFA /* Images.xcassets in Resources */ = {isa = PBXBuildFile; fileRef = 63F2A2A11B574F0E004B8AFA /* Images.xcassets */; };
		63F2A2A51B574F0E004B8AFA /* LaunchScreen.xib in Resources */ = {isa = PBXBuildFile; fileRef = 63F2A2A31B574F0E004B8AFA /* LaunchScreen.xib */; };
		63F2A2B11B574F0E004B8AFA /* TableViewFooterActivityIndicatorTests.m in Sources */ = {isa = PBXBuildFile; fileRef = 63F2A2B01B574F0E004B8AFA /* TableViewFooterActivityIndicatorTests.m */; };
		63F2A2BC1B574F53004B8AFA /* SCTSpinnerFooterView.m in Sources */ = {isa = PBXBuildFile; fileRef = 63F2A2BB1B574F53004B8AFA /* SCTSpinnerFooterView.m */; };
/* End PBXBuildFile section */

/* Begin PBXContainerItemProxy section */
		63F2A2AB1B574F0E004B8AFA /* PBXContainerItemProxy */ = {
			isa = PBXContainerItemProxy;
			containerPortal = 63F2A2891B574F0E004B8AFA /* Project object */;
			proxyType = 1;
			remoteGlobalIDString = 63F2A2901B574F0E004B8AFA;
			remoteInfo = TableViewFooterActivityIndicator;
		};
/* End PBXContainerItemProxy section */

/* Begin PBXFileReference section */
		63F2A2911B574F0E004B8AFA /* TableViewFooterActivityIndicator.app */ = {isa = PBXFileReference; explicitFileType = wrapper.application; includeInIndex = 0; path = TableViewFooterActivityIndicator.app; sourceTree = BUILT_PRODUCTS_DIR; };
		63F2A2951B574F0E004B8AFA /* Info.plist */ = {isa = PBXFileReference; lastKnownFileType = text.plist.xml; path = Info.plist; sourceTree = "<group>"; };
		63F2A2961B574F0E004B8AFA /* main.m */ = {isa = PBXFileReference; lastKnownFileType = sourcecode.c.objc; path = main.m; sourceTree = "<group>"; };
		63F2A2981B574F0E004B8AFA /* AppDelegate.h */ = {isa = PBXFileReference; lastKnownFileType = sourcecode.c.h; path = AppDelegate.h; sourceTree = "<group>"; };
		63F2A2991B574F0E004B8AFA /* AppDelegate.m */ = {isa = PBXFileReference; lastKnownFileType = sourcecode.c.objc; path = AppDelegate.m; sourceTree = "<group>"; };
		63F2A29B1B574F0E004B8AFA /* ViewController.h */ = {isa = PBXFileReference; lastKnownFileType = sourcecode.c.h; path = ViewController.h; sourceTree = "<group>"; };
		63F2A29C1B574F0E004B8AFA /* ViewController.m */ = {isa = PBXFileReference; lastKnownFileType = sourcecode.c.objc; path = ViewController.m; sourceTree = "<group>"; };
		63F2A29F1B574F0E004B8AFA /* Base */ = {isa = PBXFileReference; lastKnownFileType = file.storyboard; name = Base; path = Base.lproj/Main.storyboard; sourceTree = "<group>"; };
		63F2A2A11B574F0E004B8AFA /* Images.xcassets */ = {isa = PBXFileReference; lastKnownFileType = folder.assetcatalog; path = Images.xcassets; sourceTree = "<group>"; };
		63F2A2A41B574F0E004B8AFA /* Base */ = {isa = PBXFileReference; lastKnownFileType = file.xib; name = Base; path = Base.lproj/LaunchScreen.xib; sourceTree = "<group>"; };
		63F2A2AA1B574F0E004B8AFA /* TableViewFooterActivityIndicatorTests.xctest */ = {isa = PBXFileReference; explicitFileType = wrapper.cfbundle; includeInIndex = 0; path = TableViewFooterActivityIndicatorTests.xctest; sourceTree = BUILT_PRODUCTS_DIR; };
		63F2A2AF1B574F0E004B8AFA /* Info.plist */ = {isa = PBXFileReference; lastKnownFileType = text.plist.xml; path = Info.plist; sourceTree = "<group>"; };
		63F2A2B01B574F0E004B8AFA /* TableViewFooterActivityIndicatorTests.m */ = {isa = PBXFileReference; lastKnownFileType = sourcecode.c.objc; path = TableViewFooterActivityIndicatorTests.m; sourceTree = "<group>"; };
		63F2A2BA1B574F53004B8AFA /* SCTSpinnerFooterView.h */ = {isa = PBXFileReference; fileEncoding = 4; lastKnownFileType = sourcecode.c.h; path = SCTSpinnerFooterView.h; sourceTree = "<group>"; };
		63F2A2BB1B574F53004B8AFA /* SCTSpinnerFooterView.m */ = {isa = PBXFileReference; fileEncoding = 4; lastKnownFileType = sourcecode.c.objc; path = SCTSpinnerFooterView.m; sourceTree = "<group>"; };
/* End PBXFileReference section */

/* Begin PBXFrameworksBuildPhase section */
		63F2A28E1B574F0E004B8AFA /* Frameworks */ = {
			isa = PBXFrameworksBuildPhase;
			buildActionMask = 2147483647;
			files = (
			);
			runOnlyForDeploymentPostprocessing = 0;
		};
		63F2A2A71B574F0E004B8AFA /* Frameworks */ = {
			isa = PBXFrameworksBuildPhase;
			buildActionMask = 2147483647;
			files = (
			);
			runOnlyForDeploymentPostprocessing = 0;
		};
/* End PBXFrameworksBuildPhase section */

/* Begin PBXGroup section */
		63F2A2881B574F0E004B8AFA = {
			isa = PBXGroup;
			children = (
				63F2A2931B574F0E004B8AFA /* TableViewFooterActivityIndicator */,
				63F2A2AD1B574F0E004B8AFA /* TableViewFooterActivityIndicatorTests */,
				63F2A2921B574F0E004B8AFA /* Products */,
			);
			sourceTree = "<group>";
		};
		63F2A2921B574F0E004B8AFA /* Products */ = {
			isa = PBXGroup;
			children = (
				63F2A2911B574F0E004B8AFA /* TableViewFooterActivityIndicator.app */,
				63F2A2AA1B574F0E004B8AFA /* TableViewFooterActivityIndicatorTests.xctest */,
			);
			name = Products;
			sourceTree = "<group>";
		};
		63F2A2931B574F0E004B8AFA /* TableViewFooterActivityIndicator */ = {
			isa = PBXGroup;
			children = (
				63F2A2BD1B574F57004B8AFA /* Footer View */,
				63F2A2981B574F0E004B8AFA /* AppDelegate.h */,
				63F2A2991B574F0E004B8AFA /* AppDelegate.m */,
				63F2A29B1B574F0E004B8AFA /* ViewController.h */,
				63F2A29C1B574F0E004B8AFA /* ViewController.m */,
				63F2A29E1B574F0E004B8AFA /* Main.storyboard */,
				63F2A2A11B574F0E004B8AFA /* Images.xcassets */,
				63F2A2A31B574F0E004B8AFA /* LaunchScreen.xib */,
				63F2A2941B574F0E004B8AFA /* Supporting Files */,
			);
			path = TableViewFooterActivityIndicator;
			sourceTree = "<group>";
		};
		63F2A2941B574F0E004B8AFA /* Supporting Files */ = {
			isa = PBXGroup;
			children = (
				63F2A2951B574F0E004B8AFA /* Info.plist */,
				63F2A2961B574F0E004B8AFA /* main.m */,
			);
			name = "Supporting Files";
			sourceTree = "<group>";
		};
		63F2A2AD1B574F0E004B8AFA /* TableViewFooterActivityIndicatorTests */ = {
			isa = PBXGroup;
			children = (
				63F2A2B01B574F0E004B8AFA /* TableViewFooterActivityIndicatorTests.m */,
				63F2A2AE1B574F0E004B8AFA /* Supporting Files */,
			);
			path = TableViewFooterActivityIndicatorTests;
			sourceTree = "<group>";
		};
		63F2A2AE1B574F0E004B8AFA /* Supporting Files */ = {
			isa = PBXGroup;
			children = (
				63F2A2AF1B574F0E004B8AFA /* Info.plist */,
			);
			name = "Supporting Files";
			sourceTree = "<group>";
		};
		63F2A2BD1B574F57004B8AFA /* Footer View */ = {
			isa = PBXGroup;
			children = (
				63F2A2BA1B574F53004B8AFA /* SCTSpinnerFooterView.h */,
				63F2A2BB1B574F53004B8AFA /* SCTSpinnerFooterView.m */,
			);
			name = "Footer View";
			sourceTree = "<group>";
		};
/* End PBXGroup section */

/* Begin PBXNativeTarget section */
		63F2A2901B574F0E004B8AFA /* TableViewFooterActivityIndicator */ = {
			isa = PBXNativeTarget;
			buildConfigurationList = 63F2A2B41B574F0E004B8AFA /* Build configuration list for PBXNativeTarget "TableViewFooterActivityIndicator" */;
			buildPhases = (
				63F2A28D1B574F0E004B8AFA /* Sources */,
				63F2A28E1B574F0E004B8AFA /* Frameworks */,
				63F2A28F1B574F0E004B8AFA /* Resources */,
			);
			buildRules = (
			);
			dependencies = (
			);
			name = TableViewFooterActivityIndicator;
			productName = TableViewFooterActivityIndicator;
			productReference = 63F2A2911B574F0E004B8AFA /* TableViewFooterActivityIndicator.app */;
			productType = "com.apple.product-type.application";
		};
		63F2A2A91B574F0E004B8AFA /* TableViewFooterActivityIndicatorTests */ = {
			isa = PBXNativeTarget;
			buildConfigurationList = 63F2A2B71B574F0E004B8AFA /* Build configuration list for PBXNativeTarget "TableViewFooterActivityIndicatorTests" */;
			buildPhases = (
				63F2A2A61B574F0E004B8AFA /* Sources */,
				63F2A2A71B574F0E004B8AFA /* Frameworks */,
				63F2A2A81B574F0E004B8AFA /* Resources */,
			);
			buildRules = (
			);
			dependencies = (
				63F2A2AC1B574F0E004B8AFA /* PBXTargetDependency */,
			);
			name = TableViewFooterActivityIndicatorTests;
			productName = TableViewFooterActivityIndicatorTests;
			productReference = 63F2A2AA1B574F0E004B8AFA /* TableViewFooterActivityIndicatorTests.xctest */;
			productType = "com.apple.product-type.bundle.unit-test";
		};
/* End PBXNativeTarget section */

/* Begin PBXProject section */
		63F2A2891B574F0E004B8AFA /* Project object */ = {
			isa = PBXProject;
			attributes = {
				LastUpgradeCheck = 0640;
				ORGANIZATIONNAME = "Shou Cheng Tuan";
				TargetAttributes = {
					63F2A2901B574F0E004B8AFA = {
						CreatedOnToolsVersion = 6.4;
					};
					63F2A2A91B574F0E004B8AFA = {
						CreatedOnToolsVersion = 6.4;
						TestTargetID = 63F2A2901B574F0E004B8AFA;
					};
				};
			};
			buildConfigurationList = 63F2A28C1B574F0E004B8AFA /* Build configuration list for PBXProject "TableViewFooterActivityIndicator" */;
			compatibilityVersion = "Xcode 3.2";
			developmentRegion = English;
			hasScannedForEncodings = 0;
			knownRegions = (
				en,
				Base,
			);
			mainGroup = 63F2A2881B574F0E004B8AFA;
			productRefGroup = 63F2A2921B574F0E004B8AFA /* Products */;
			projectDirPath = "";
			projectRoot = "";
			targets = (
				63F2A2901B574F0E004B8AFA /* TableViewFooterActivityIndicator */,
				63F2A2A91B574F0E004B8AFA /* TableViewFooterActivityIndicatorTests */,
			);
		};
/* End PBXProject section */

/* Begin PBXResourcesBuildPhase section */
		63F2A28F1B574F0E004B8AFA /* Resources */ = {
			isa = PBXResourcesBuildPhase;
			buildActionMask = 2147483647;
			files = (
				63F2A2A01B574F0E004B8AFA /* Main.storyboard in Resources */,
				63F2A2A51B574F0E004B8AFA /* LaunchScreen.xib in Resources */,
				63F2A2A21B574F0E004B8AFA /* Images.xcassets in Resources */,
			);
			runOnlyForDeploymentPostprocessing = 0;
		};
		63F2A2A81B574F0E004B8AFA /* Resources */ = {
			isa = PBXResourcesBuildPhase;
			buildActionMask = 2147483647;
			files = (
			);
			runOnlyForDeploymentPostprocessing = 0;
		};
/* End PBXResourcesBuildPhase section */

/* Begin PBXSourcesBuildPhase section */
		63F2A28D1B574F0E004B8AFA /* Sources */ = {
			isa = PBXSourcesBuildPhase;
			buildActionMask = 2147483647;
			files = (
				63F2A2BC1B574F53004B8AFA /* SCTSpinnerFooterView.m in Sources */,
				63F2A29D1B574F0E004B8AFA /* ViewController.m in Sources */,
				63F2A29A1B574F0E004B8AFA /* AppDelegate.m in Sources */,
				63F2A2971B574F0E004B8AFA /* main.m in Sources */,
			);
			runOnlyForDeploymentPostprocessing = 0;
		};
		63F2A2A61B574F0E004B8AFA /* Sources */ = {
			isa = PBXSourcesBuildPhase;
			buildActionMask = 2147483647;
			files = (
				63F2A2B11B574F0E004B8AFA /* TableViewFooterActivityIndicatorTests.m in Sources */,
			);
			runOnlyForDeploymentPostprocessing = 0;
		};
/* End PBXSourcesBuildPhase section */

/* Begin PBXTargetDependency section */
		63F2A2AC1B574F0E004B8AFA /* PBXTargetDependency */ = {
			isa = PBXTargetDependency;
			target = 63F2A2901B574F0E004B8AFA /* TableViewFooterActivityIndicator */;
			targetProxy = 63F2A2AB1B574F0E004B8AFA /* PBXContainerItemProxy */;
		};
/* End PBXTargetDependency section */

/* Begin PBXVariantGroup section */
		63F2A29E1B574F0E004B8AFA /* Main.storyboard */ = {
			isa = PBXVariantGroup;
			children = (
				63F2A29F1B574F0E004B8AFA /* Base */,
			);
			name = Main.storyboard;
			sourceTree = "<group>";
		};
		63F2A2A31B574F0E004B8AFA /* LaunchScreen.xib */ = {
			isa = PBXVariantGroup;
			children = (
				63F2A2A41B574F0E004B8AFA /* Base */,
			);
			name = LaunchScreen.xib;
			sourceTree = "<group>";
		};
/* End PBXVariantGroup section */

/* Begin XCBuildConfiguration section */
		63F2A2B21B574F0E004B8AFA /* Debug */ = {
			isa = XCBuildConfiguration;
			buildSettings = {
				ALWAYS_SEARCH_USER_PATHS = NO;
				CLANG_CXX_LANGUAGE_STANDARD = "gnu++0x";
				CLANG_CXX_LIBRARY = "libc++";
				CLANG_ENABLE_MODULES = YES;
				CLANG_ENABLE_OBJC_ARC = YES;
				CLANG_WARN_BOOL_CONVERSION = YES;
				CLANG_WARN_CONSTANT_CONVERSION = YES;
				CLANG_WARN_DIRECT_OBJC_ISA_USAGE = YES_ERROR;
				CLANG_WARN_EMPTY_BODY = YES;
				CLANG_WARN_ENUM_CONVERSION = YES;
				CLANG_WARN_INT_CONVERSION = YES;
				CLANG_WARN_OBJC_ROOT_CLASS = YES_ERROR;
				CLANG_WARN_UNREACHABLE_CODE = YES;
				CLANG_WARN__DUPLICATE_METHOD_MATCH = YES;
				"CODE_SIGN_IDENTITY[sdk=iphoneos*]" = "iPhone Developer";
				COPY_PHASE_STRIP = NO;
				DEBUG_INFORMATION_FORMAT = "dwarf-with-dsym";
				ENABLE_STRICT_OBJC_MSGSEND = YES;
				GCC_C_LANGUAGE_STANDARD = gnu99;
				GCC_DYNAMIC_NO_PIC = NO;
				GCC_NO_COMMON_BLOCKS = YES;
				GCC_OPTIMIZATION_LEVEL = 0;
				GCC_PREPROCESSOR_DEFINITIONS = (
					"DEBUG=1",
					"$(inherited)",
				);
				GCC_SYMBOLS_PRIVATE_EXTERN = NO;
				GCC_WARN_64_TO_32_BIT_CONVERSION = YES;
				GCC_WARN_ABOUT_RETURN_TYPE = YES_ERROR;
				GCC_WARN_UNDECLARED_SELECTOR = YES;
				GCC_WARN_UNINITIALIZED_AUTOS = YES_AGGRESSIVE;
				GCC_WARN_UNUSED_FUNCTION = YES;
				GCC_WARN_UNUSED_VARIABLE = YES;
				IPHONEOS_DEPLOYMENT_TARGET = 8.4;
				MTL_ENABLE_DEBUG_INFO = YES;
				ONLY_ACTIVE_ARCH = YES;
				SDKROOT = iphoneos;
			};
			name = Debug;
		};
		63F2A2B31B574F0E004B8AFA /* Release */ = {
			isa = XCBuildConfiguration;
			buildSettings = {
				ALWAYS_SEARCH_USER_PATHS = NO;
				CLANG_CXX_LANGUAGE_STANDARD = "gnu++0x";
				CLANG_CXX_LIBRARY = "libc++";
				CLANG_ENABLE_MODULES = YES;
				CLANG_ENABLE_OBJC_ARC = YES;
				CLANG_WARN_BOOL_CONVERSION = YES;
				CLANG_WARN_CONSTANT_CONVERSION = YES;
				CLANG_WARN_DIRECT_OBJC_ISA_USAGE = YES_ERROR;
				CLANG_WARN_EMPTY_BODY = YES;
				CLANG_WARN_ENUM_CONVERSION = YES;
				CLANG_WARN_INT_CONVERSION = YES;
				CLANG_WARN_OBJC_ROOT_CLASS = YES_ERROR;
				CLANG_WARN_UNREACHABLE_CODE = YES;
				CLANG_WARN__DUPLICATE_METHOD_MATCH = YES;
				"CODE_SIGN_IDENTITY[sdk=iphoneos*]" = "iPhone Developer";
				COPY_PHASE_STRIP = NO;
				DEBUG_INFORMATION_FORMAT = "dwarf-with-dsym";
				ENABLE_NS_ASSERTIONS = NO;
				ENABLE_STRICT_OBJC_MSGSEND = YES;
				GCC_C_LANGUAGE_STANDARD = gnu99;
				GCC_NO_COMMON_BLOCKS = YES;
				GCC_WARN_64_TO_32_BIT_CONVERSION = YES;
				GCC_WARN_ABOUT_RETURN_TYPE = YES_ERROR;
				GCC_WARN_UNDECLARED_SELECTOR = YES;
				GCC_WARN_UNINITIALIZED_AUTOS = YES_AGGRESSIVE;
				GCC_WARN_UNUSED_FUNCTION = YES;
				GCC_WARN_UNUSED_VARIABLE = YES;
				IPHONEOS_DEPLOYMENT_TARGET = 8.4;
				MTL_ENABLE_DEBUG_INFO = NO;
				SDKROOT = iphoneos;
				VALIDATE_PRODUCT = YES;
			};
			name = Release;
		};
		63F2A2B51B574F0E004B8AFA /* Debug */ = {
			isa = XCBuildConfiguration;
			buildSettings = {
				ASSETCATALOG_COMPILER_APPICON_NAME = AppIcon;
				INFOPLIST_FILE = TableViewFooterActivityIndicator/Info.plist;
				IPHONEOS_DEPLOYMENT_TARGET = 8.1;
				LD_RUNPATH_SEARCH_PATHS = "$(inherited) @executable_path/Frameworks";
				PRODUCT_NAME = "$(TARGET_NAME)";
			};
			name = Debug;
		};
		63F2A2B61B574F0E004B8AFA /* Release */ = {
			isa = XCBuildConfiguration;
			buildSettings = {
				ASSETCATALOG_COMPILER_APPICON_NAME = AppIcon;
				INFOPLIST_FILE = TableViewFooterActivityIndicator/Info.plist;
				IPHONEOS_DEPLOYMENT_TARGET = 8.1;
				LD_RUNPATH_SEARCH_PATHS = "$(inherited) @executable_path/Frameworks";
				PRODUCT_NAME = "$(TARGET_NAME)";
			};
			name = Release;
		};
		63F2A2B81B574F0E004B8AFA /* Debug */ = {
			isa = XCBuildConfiguration;
			buildSettings = {
				BUNDLE_LOADER = "$(TEST_HOST)";
				FRAMEWORK_SEARCH_PATHS = (
					"$(SDKROOT)/Developer/Library/Frameworks",
					"$(inherited)",
				);
				GCC_PREPROCESSOR_DEFINITIONS = (
					"DEBUG=1",
					"$(inherited)",
				);
				INFOPLIST_FILE = TableViewFooterActivityIndicatorTests/Info.plist;
				LD_RUNPATH_SEARCH_PATHS = "$(inherited) @executable_path/Frameworks @loader_path/Frameworks";
				PRODUCT_NAME = "$(TARGET_NAME)";
				TEST_HOST = "$(BUILT_PRODUCTS_DIR)/TableViewFooterActivityIndicator.app/TableViewFooterActivityIndicator";
			};
			name = Debug;
		};
		63F2A2B91B574F0E004B8AFA /* Release */ = {
			isa = XCBuildConfiguration;
			buildSettings = {
				BUNDLE_LOADER = "$(TEST_HOST)";
				FRAMEWORK_SEARCH_PATHS = (
					"$(SDKROOT)/Developer/Library/Frameworks",
					"$(inherited)",
				);
				INFOPLIST_FILE = TableViewFooterActivityIndicatorTests/Info.plist;
				LD_RUNPATH_SEARCH_PATHS = "$(inherited) @executable_path/Frameworks @loader_path/Frameworks";
				PRODUCT_NAME = "$(TARGET_NAME)";
				TEST_HOST = "$(BUILT_PRODUCTS_DIR)/TableViewFooterActivityIndicator.app/TableViewFooterActivityIndicator";
			};
			name = Release;
		};
/* End XCBuildConfiguration section */

/* Begin XCConfigurationList section */
		63F2A28C1B574F0E004B8AFA /* Build configuration list for PBXProject "TableViewFooterActivityIndicator" */ = {
			isa = XCConfigurationList;
			buildConfigurations = (
				63F2A2B21B574F0E004B8AFA /* Debug */,
				63F2A2B31B574F0E004B8AFA /* Release */,
			);
			defaultConfigurationIsVisible = 0;
			defaultConfigurationName = Release;
		};
		63F2A2B41B574F0E004B8AFA /* Build configuration list for PBXNativeTarget "TableViewFooterActivityIndicator" */ = {
			isa = XCConfigurationList;
			buildConfigurations = (
				63F2A2B51B574F0E004B8AFA /* Debug */,
				63F2A2B61B574F0E004B8AFA /* Release */,
			);
			defaultConfigurationIsVisible = 0;
		};
		63F2A2B71B574F0E004B8AFA /* Build configuration list for PBXNativeTarget "TableViewFooterActivityIndicatorTests" */ = {
			isa = XCConfigurationList;
			buildConfigurations = (
				63F2A2B81B574F0E004B8AFA /* Debug */,
				63F2A2B91B574F0E004B8AFA /* Release */,
			);
			defaultConfigurationIsVisible = 0;
		};
/* End XCConfigurationList section */
	};
	rootObject = 63F2A2891B574F0E004B8AFA /* Project object */;
}
